// !$*UTF8*$!
{
	archiveVersion = 1;
	classes = {
	};
	objectVersion = 46;
	objects = {

/* Begin PBXBuildFile section */
		FD1D0C8A16ABDE75006B4254 /* MTRandom.m in Sources */ = {isa = PBXBuildFile; fileRef = FD1D0C8916ABDE75006B4254 /* MTRandom.m */; };
		FD1D0C8D16ABE33E006B4254 /* NSString+GenericString.m in Sources */ = {isa = PBXBuildFile; fileRef = FD1D0C8C16ABE33E006B4254 /* NSString+GenericString.m */; };
		FD2A3EA116AEF724004E1448 /* NSDate+MoreDates.m in Sources */ = {isa = PBXBuildFile; fileRef = FD2A3E9F16AEF724004E1448 /* NSDate+MoreDates.m */; };
		FD3B353816F17AF9003F8604 /* Quartz.framework in Frameworks */ = {isa = PBXBuildFile; fileRef = FD3B353716F17AF8003F8604 /* Quartz.framework */; };
		FD45979A168F409900D820DC /* Rules Format.mustache in Resources */ = {isa = PBXBuildFile; fileRef = FD459799168F409900D820DC /* Rules Format.mustache */; };
		FD45979D1690038800D820DC /* NSApplication+SheetsAndBlocks.m in Sources */ = {isa = PBXBuildFile; fileRef = FD45979C1690038800D820DC /* NSApplication+SheetsAndBlocks.m */; };
		FD4FBF6D16C6042500E549DE /* libYACYAML.a in Frameworks */ = {isa = PBXBuildFile; fileRef = FD4FBF6616C603DD00E549DE /* libYACYAML.a */; };
		FD4FBF6E16C6042500E549DE /* libYAML.a in Frameworks */ = {isa = PBXBuildFile; fileRef = FD4FBF6A16C603DD00E549DE /* libYAML.a */; };
		FD4FBF7016C6044D00E549DE /* libresolv.dylib in Frameworks */ = {isa = PBXBuildFile; fileRef = FD4FBF6F16C6044D00E549DE /* libresolv.dylib */; };
		FD4FBF7216C6089100E549DE /* Prizes.yaml in Resources */ = {isa = PBXBuildFile; fileRef = FD4FBF7116C6089100E549DE /* Prizes.yaml */; };
		FD601EBE167F7574008DDBF0 /* ScriptingBridge.framework in Frameworks */ = {isa = PBXBuildFile; fileRef = FD601EBD167F7574008DDBF0 /* ScriptingBridge.framework */; };
		FD72D75E16AAEC4E00F57B12 /* ThingsDataController.m in Sources */ = {isa = PBXBuildFile; fileRef = FD72D75D16AAEC4E00F57B12 /* ThingsDataController.m */; };
		FD72D77416ABC7D800F57B12 /* PostTemplate.md in Resources */ = {isa = PBXBuildFile; fileRef = FD72D77316ABC7D800F57B12 /* PostTemplate.md */; };
		FD7C77E3168358800004030C /* NSApplication+ESSApplicationCategory.m in Sources */ = {isa = PBXBuildFile; fileRef = FD7C77E2168358650004030C /* NSApplication+ESSApplicationCategory.m */; settings = {COMPILER_FLAGS = " -fno-objc-arc"; }; };
		FD7C77E8168386FC0004030C /* Icon.iconset in Resources */ = {isa = PBXBuildFile; fileRef = FD7C77E7168386FC0004030C /* Icon.iconset */; };
		FD861EC916B2AB500037E760 /* DJPostWindowController.m in Sources */ = {isa = PBXBuildFile; fileRef = FD861EC716B2AB500037E760 /* DJPostWindowController.m */; };
		FD861ECA16B2AB500037E760 /* PostWindow.xib in Resources */ = {isa = PBXBuildFile; fileRef = FD861EC816B2AB500037E760 /* PostWindow.xib */; };
		FD861ECD16B2B7A00037E760 /* Social.framework in Frameworks */ = {isa = PBXBuildFile; fileRef = FD861ECC16B2B7A00037E760 /* Social.framework */; };
		FD861ECF16B2B7A40037E760 /* Accounts.framework in Frameworks */ = {isa = PBXBuildFile; fileRef = FD861ECE16B2B7A40037E760 /* Accounts.framework */; };
		FD861ED216B362A10037E760 /* DJEntry+AdditionalMethods.m in Sources */ = {isa = PBXBuildFile; fileRef = FD861ED116B362A00037E760 /* DJEntry+AdditionalMethods.m */; };
		FD861EEA16B369170037E760 /* DJEntry.m in Sources */ = {isa = PBXBuildFile; fileRef = FD861EE916B369170037E760 /* DJEntry.m */; };
		FD861EEE16B3709D0037E760 /* Report.m in Sources */ = {isa = PBXBuildFile; fileRef = FD861EED16B3709D0037E760 /* Report.m */; };
		FD861EF116B370D90037E760 /* Report+AdditionalMethods.m in Sources */ = {isa = PBXBuildFile; fileRef = FD861EF016B370D90037E760 /* Report+AdditionalMethods.m */; };
		FD95076516AAD7D400092963 /* Model.xcdatamodeld in Sources */ = {isa = PBXBuildFile; fileRef = FD95076316AAD7D400092963 /* Model.xcdatamodeld */; };
		FD95076B16AADCAA00092963 /* OverviewWindowController.m in Sources */ = {isa = PBXBuildFile; fileRef = FD95076916AADCAA00092963 /* OverviewWindowController.m */; };
		FD95076C16AADCAA00092963 /* OverviewWindowController.xib in Resources */ = {isa = PBXBuildFile; fileRef = FD95076A16AADCAA00092963 /* OverviewWindowController.xib */; };
		FDCC440416CDD302003D8F99 /* NSArray+ConvenienceMethods.m in Sources */ = {isa = PBXBuildFile; fileRef = FDCC440316CDD302003D8F99 /* NSArray+ConvenienceMethods.m */; };
		FDE60EC31680B7C800AE8703 /* Points Format.mustache in Resources */ = {isa = PBXBuildFile; fileRef = FDE60EC21680B7C800AE8703 /* Points Format.mustache */; };
		FDE60EC71680C0C500AE8703 /* GRMustache.m in Sources */ = {isa = PBXBuildFile; fileRef = FDE60E8E1680B2B500AE8703 /* GRMustache.m */; settings = {COMPILER_FLAGS = " -fno-objc-arc"; }; };
		FDE60EC81680C0C500AE8703 /* GRMustacheAccumulatorTag.m in Sources */ = {isa = PBXBuildFile; fileRef = FDE60E901680B2B500AE8703 /* GRMustacheAccumulatorTag.m */; settings = {COMPILER_FLAGS = " -fno-objc-arc"; }; };
		FDE60EC91680C0C500AE8703 /* GRMustacheCompiler.m in Sources */ = {isa = PBXBuildFile; fileRef = FDE60E941680B2B500AE8703 /* GRMustacheCompiler.m */; settings = {COMPILER_FLAGS = " -fno-objc-arc"; }; };
		FDE60ECA1680C0C500AE8703 /* GRMustacheContext.m in Sources */ = {isa = PBXBuildFile; fileRef = FDE60E971680B2B500AE8703 /* GRMustacheContext.m */; settings = {COMPILER_FLAGS = " -fno-objc-arc"; }; };
		FDE60ECB1680C0C500AE8703 /* GRMustacheError.m in Sources */ = {isa = PBXBuildFile; fileRef = FDE60E991680B2B500AE8703 /* GRMustacheError.m */; settings = {COMPILER_FLAGS = " -fno-objc-arc"; }; };
		FDE60ECC1680C0C500AE8703 /* GRMustacheExpression.m in Sources */ = {isa = PBXBuildFile; fileRef = FDE60E9B1680B2B500AE8703 /* GRMustacheExpression.m */; settings = {COMPILER_FLAGS = " -fno-objc-arc"; }; };
		FDE60ECD1680C0C500AE8703 /* GRMustacheFilter.m in Sources */ = {isa = PBXBuildFile; fileRef = FDE60E9E1680B2B500AE8703 /* GRMustacheFilter.m */; settings = {COMPILER_FLAGS = " -fno-objc-arc"; }; };
		FDE60ECE1680C0C500AE8703 /* GRMustacheFilteredExpression.m in Sources */ = {isa = PBXBuildFile; fileRef = FDE60EA01680B2B500AE8703 /* GRMustacheFilteredExpression.m */; settings = {COMPILER_FLAGS = " -fno-objc-arc"; }; };
		FDE60ECF1680C0C500AE8703 /* GRMustacheFilterLibrary.m in Sources */ = {isa = PBXBuildFile; fileRef = FDE60EA21680B2B500AE8703 /* GRMustacheFilterLibrary.m */; settings = {COMPILER_FLAGS = " -fno-objc-arc"; }; };
		FDE60ED01680C0C500AE8703 /* GRMustacheIdentifierExpression.m in Sources */ = {isa = PBXBuildFile; fileRef = FDE60EA41680B2B500AE8703 /* GRMustacheIdentifierExpression.m */; settings = {COMPILER_FLAGS = " -fno-objc-arc"; }; };
		FDE60ED11680C0C500AE8703 /* GRMustacheImplicitIteratorExpression.m in Sources */ = {isa = PBXBuildFile; fileRef = FDE60EA61680B2B500AE8703 /* GRMustacheImplicitIteratorExpression.m */; settings = {COMPILER_FLAGS = " -fno-objc-arc"; }; };
		FDE60ED21680C0C500AE8703 /* GRMustacheParser.m in Sources */ = {isa = PBXBuildFile; fileRef = FDE60EA81680B2B500AE8703 /* GRMustacheParser.m */; settings = {COMPILER_FLAGS = " -fno-objc-arc"; }; };
		FDE60ED31680C0C500AE8703 /* GRMustacheScopedExpression.m in Sources */ = {isa = PBXBuildFile; fileRef = FDE60EAB1680B2B500AE8703 /* GRMustacheScopedExpression.m */; settings = {COMPILER_FLAGS = " -fno-objc-arc"; }; };
		FDE60ED41680C0C500AE8703 /* GRMustacheSectionTag.m in Sources */ = {isa = PBXBuildFile; fileRef = FDE60EAD1680B2B500AE8703 /* GRMustacheSectionTag.m */; settings = {COMPILER_FLAGS = " -fno-objc-arc"; }; };
		FDE60ED51680C0C500AE8703 /* GRMustacheTag.m in Sources */ = {isa = PBXBuildFile; fileRef = FDE60EB01680B2B500AE8703 /* GRMustacheTag.m */; settings = {COMPILER_FLAGS = " -fno-objc-arc"; }; };
		FDE60ED61680C0C500AE8703 /* GRMustacheTemplate.m in Sources */ = {isa = PBXBuildFile; fileRef = FDE60EB41680B2B500AE8703 /* GRMustacheTemplate.m */; settings = {COMPILER_FLAGS = " -fno-objc-arc"; }; };
		FDE60ED71680C0C500AE8703 /* GRMustacheTemplateOverride.m in Sources */ = {isa = PBXBuildFile; fileRef = FDE60EB71680B2B500AE8703 /* GRMustacheTemplateOverride.m */; settings = {COMPILER_FLAGS = " -fno-objc-arc"; }; };
		FDE60ED81680C0C500AE8703 /* GRMustacheTemplateRepository.m in Sources */ = {isa = PBXBuildFile; fileRef = FDE60EBA1680B2B500AE8703 /* GRMustacheTemplateRepository.m */; settings = {COMPILER_FLAGS = " -fno-objc-arc"; }; };
		FDE60ED91680C0C500AE8703 /* GRMustacheTextComponent.m in Sources */ = {isa = PBXBuildFile; fileRef = FDE60EBC1680B2B500AE8703 /* GRMustacheTextComponent.m */; settings = {COMPILER_FLAGS = " -fno-objc-arc"; }; };
		FDE60EDA1680C0C500AE8703 /* GRMustacheToken.m in Sources */ = {isa = PBXBuildFile; fileRef = FDE60EBE1680B2B500AE8703 /* GRMustacheToken.m */; settings = {COMPILER_FLAGS = " -fno-objc-arc"; }; };
		FDE60EDB1680C0C500AE8703 /* GRMustacheVariableTag.m in Sources */ = {isa = PBXBuildFile; fileRef = FDE60EC01680B2B500AE8703 /* GRMustacheVariableTag.m */; settings = {COMPILER_FLAGS = " -fno-objc-arc"; }; };
		FDE60EDD1680C96A00AE8703 /* WebKit.framework in Frameworks */ = {isa = PBXBuildFile; fileRef = FDE60EDC1680C96900AE8703 /* WebKit.framework */; };
		FDED2AE31678C90E00BC416C /* Cocoa.framework in Frameworks */ = {isa = PBXBuildFile; fileRef = FDED2AE21678C90E00BC416C /* Cocoa.framework */; };
		FDED2AED1678C90E00BC416C /* InfoPlist.strings in Resources */ = {isa = PBXBuildFile; fileRef = FDED2AEB1678C90E00BC416C /* InfoPlist.strings */; };
		FDED2AEF1678C90E00BC416C /* main.m in Sources */ = {isa = PBXBuildFile; fileRef = FDED2AEE1678C90E00BC416C /* main.m */; };
		FDED2AF31678C90E00BC416C /* Credits.rtf in Resources */ = {isa = PBXBuildFile; fileRef = FDED2AF11678C90E00BC416C /* Credits.rtf */; };
		FDED2AF61678C90E00BC416C /* DJAppDelegate.m in Sources */ = {isa = PBXBuildFile; fileRef = FDED2AF51678C90E00BC416C /* DJAppDelegate.m */; };
		FDED2AF91678C90F00BC416C /* MainMenu.xib in Resources */ = {isa = PBXBuildFile; fileRef = FDED2AF71678C90F00BC416C /* MainMenu.xib */; };
/* End PBXBuildFile section */

/* Begin PBXContainerItemProxy section */
		FD4FBF6516C603DD00E549DE /* PBXContainerItemProxy */ = {
			isa = PBXContainerItemProxy;
			containerPortal = FD4FBF5F16C603DC00E549DE /* YACYAML.xcodeproj */;
			proxyType = 2;
			remoteGlobalIDString = 7DDC030E156541F8001832F5;
			remoteInfo = YACYAML;
		};
		FD4FBF6716C603DD00E549DE /* PBXContainerItemProxy */ = {
			isa = PBXContainerItemProxy;
			containerPortal = FD4FBF5F16C603DC00E549DE /* YACYAML.xcodeproj */;
			proxyType = 2;
			remoteGlobalIDString = 7DDC031E156541F8001832F5;
			remoteInfo = YACYAMLTests;
		};
		FD4FBF6916C603DD00E549DE /* PBXContainerItemProxy */ = {
			isa = PBXContainerItemProxy;
			containerPortal = FD4FBF5F16C603DC00E549DE /* YACYAML.xcodeproj */;
			proxyType = 2;
			remoteGlobalIDString = 7DE3E3AC15654430006663D2;
			remoteInfo = libYAML;
		};
		FD4FBF6B16C6040600E549DE /* PBXContainerItemProxy */ = {
			isa = PBXContainerItemProxy;
			containerPortal = FD4FBF5F16C603DC00E549DE /* YACYAML.xcodeproj */;
			proxyType = 1;
			remoteGlobalIDString = 7DDC030D156541F8001832F5;
			remoteInfo = YACYAML;
		};
/* End PBXContainerItemProxy section */

/* Begin PBXFileReference section */
		FD1D0C8816ABDE75006B4254 /* MTRandom.h */ = {isa = PBXFileReference; fileEncoding = 4; lastKnownFileType = sourcecode.c.h; path = MTRandom.h; sourceTree = "<group>"; };
		FD1D0C8916ABDE75006B4254 /* MTRandom.m */ = {isa = PBXFileReference; fileEncoding = 4; lastKnownFileType = sourcecode.c.objc; path = MTRandom.m; sourceTree = "<group>"; };
		FD1D0C8B16ABE33E006B4254 /* NSString+GenericString.h */ = {isa = PBXFileReference; fileEncoding = 4; lastKnownFileType = sourcecode.c.h; path = "NSString+GenericString.h"; sourceTree = "<group>"; };
		FD1D0C8C16ABE33E006B4254 /* NSString+GenericString.m */ = {isa = PBXFileReference; fileEncoding = 4; lastKnownFileType = sourcecode.c.objc; path = "NSString+GenericString.m"; sourceTree = "<group>"; };
		FD2A3E9F16AEF724004E1448 /* NSDate+MoreDates.m */ = {isa = PBXFileReference; fileEncoding = 4; lastKnownFileType = sourcecode.c.objc; path = "NSDate+MoreDates.m"; sourceTree = "<group>"; };
		FD2A3EA016AEF724004E1448 /* NSDate+MoreDates.h */ = {isa = PBXFileReference; fileEncoding = 4; lastKnownFileType = sourcecode.c.h; path = "NSDate+MoreDates.h"; sourceTree = "<group>"; };
		FD3B353716F17AF8003F8604 /* Quartz.framework */ = {isa = PBXFileReference; lastKnownFileType = wrapper.framework; name = Quartz.framework; path = System/Library/Frameworks/Quartz.framework; sourceTree = SDKROOT; };
		FD3B353B16F17C1B003F8604 /* QLPreviewPanel+Secret.h */ = {isa = PBXFileReference; fileEncoding = 4; lastKnownFileType = sourcecode.c.h; path = "QLPreviewPanel+Secret.h"; sourceTree = "<group>"; };
		FD459799168F409900D820DC /* Rules Format.mustache */ = {isa = PBXFileReference; fileEncoding = 4; lastKnownFileType = text; path = "Rules Format.mustache"; sourceTree = "<group>"; };
		FD45979B1690038800D820DC /* NSApplication+SheetsAndBlocks.h */ = {isa = PBXFileReference; fileEncoding = 4; lastKnownFileType = sourcecode.c.h; name = "NSApplication+SheetsAndBlocks.h"; path = "../NSApplication+SheetsAndBlocks.h"; sourceTree = "<group>"; };
		FD45979C1690038800D820DC /* NSApplication+SheetsAndBlocks.m */ = {isa = PBXFileReference; fileEncoding = 4; lastKnownFileType = sourcecode.c.objc; name = "NSApplication+SheetsAndBlocks.m"; path = "../NSApplication+SheetsAndBlocks.m"; sourceTree = "<group>"; };
		FD4FBF5F16C603DC00E549DE /* YACYAML.xcodeproj */ = {isa = PBXFileReference; lastKnownFileType = "wrapper.pb-project"; name = YACYAML.xcodeproj; path = YACYAML/YACYAML.xcodeproj; sourceTree = "<group>"; };
		FD4FBF6F16C6044D00E549DE /* libresolv.dylib */ = {isa = PBXFileReference; lastKnownFileType = "compiled.mach-o.dylib"; name = libresolv.dylib; path = usr/lib/libresolv.dylib; sourceTree = SDKROOT; };
		FD4FBF7116C6089100E549DE /* Prizes.yaml */ = {isa = PBXFileReference; fileEncoding = 4; lastKnownFileType = text; path = Prizes.yaml; sourceTree = "<group>"; };
		FD601EBD167F7574008DDBF0 /* ScriptingBridge.framework */ = {isa = PBXFileReference; lastKnownFileType = wrapper.framework; name = ScriptingBridge.framework; path = System/Library/Frameworks/ScriptingBridge.framework; sourceTree = SDKROOT; };
		FD601EC0167F759E008DDBF0 /* Things.h */ = {isa = PBXFileReference; lastKnownFileType = sourcecode.c.h; path = Things.h; sourceTree = "<group>"; };
		FD72D75C16AAEC4E00F57B12 /* ThingsDataController.h */ = {isa = PBXFileReference; fileEncoding = 4; lastKnownFileType = sourcecode.c.h; name = ThingsDataController.h; path = ../ThingsDataController.h; sourceTree = "<group>"; };
		FD72D75D16AAEC4E00F57B12 /* ThingsDataController.m */ = {isa = PBXFileReference; fileEncoding = 4; lastKnownFileType = sourcecode.c.objc; name = ThingsDataController.m; path = ../ThingsDataController.m; sourceTree = "<group>"; };
		FD72D77316ABC7D800F57B12 /* PostTemplate.md */ = {isa = PBXFileReference; fileEncoding = 4; lastKnownFileType = text; path = PostTemplate.md; sourceTree = "<group>"; };
		FD7C77E1168358650004030C /* NSApplication+ESSApplicationCategory.h */ = {isa = PBXFileReference; lastKnownFileType = sourcecode.c.h; path = "NSApplication+ESSApplicationCategory.h"; sourceTree = "<group>"; };
		FD7C77E2168358650004030C /* NSApplication+ESSApplicationCategory.m */ = {isa = PBXFileReference; lastKnownFileType = sourcecode.c.objc; path = "NSApplication+ESSApplicationCategory.m"; sourceTree = "<group>"; };
		FD7C77E7168386FC0004030C /* Icon.iconset */ = {isa = PBXFileReference; lastKnownFileType = folder.iconset; path = Icon.iconset; sourceTree = "<group>"; };
		FD861EC616B2AB500037E760 /* DJPostWindowController.h */ = {isa = PBXFileReference; fileEncoding = 4; lastKnownFileType = sourcecode.c.h; path = DJPostWindowController.h; sourceTree = "<group>"; };
		FD861EC716B2AB500037E760 /* DJPostWindowController.m */ = {isa = PBXFileReference; fileEncoding = 4; lastKnownFileType = sourcecode.c.objc; path = DJPostWindowController.m; sourceTree = "<group>"; };
		FD861EC816B2AB500037E760 /* PostWindow.xib */ = {isa = PBXFileReference; fileEncoding = 4; lastKnownFileType = file.xib; path = PostWindow.xib; sourceTree = "<group>"; };
		FD861ECC16B2B7A00037E760 /* Social.framework */ = {isa = PBXFileReference; lastKnownFileType = wrapper.framework; name = Social.framework; path = System/Library/Frameworks/Social.framework; sourceTree = SDKROOT; };
		FD861ECE16B2B7A40037E760 /* Accounts.framework */ = {isa = PBXFileReference; lastKnownFileType = wrapper.framework; name = Accounts.framework; path = System/Library/Frameworks/Accounts.framework; sourceTree = SDKROOT; };
		FD861ED016B362A00037E760 /* DJEntry+AdditionalMethods.h */ = {isa = PBXFileReference; fileEncoding = 4; lastKnownFileType = sourcecode.c.h; path = "DJEntry+AdditionalMethods.h"; sourceTree = "<group>"; };
		FD861ED116B362A00037E760 /* DJEntry+AdditionalMethods.m */ = {isa = PBXFileReference; fileEncoding = 4; lastKnownFileType = sourcecode.c.objc; path = "DJEntry+AdditionalMethods.m"; sourceTree = "<group>"; };
		FD861EE816B369170037E760 /* DJEntry.h */ = {isa = PBXFileReference; fileEncoding = 4; lastKnownFileType = sourcecode.c.h; path = DJEntry.h; sourceTree = "<group>"; };
		FD861EE916B369170037E760 /* DJEntry.m */ = {isa = PBXFileReference; fileEncoding = 4; lastKnownFileType = sourcecode.c.objc; path = DJEntry.m; sourceTree = "<group>"; };
		FD861EEB16B369560037E760 /* Model 2.xcdatamodel */ = {isa = PBXFileReference; lastKnownFileType = wrapper.xcdatamodel; path = "Model 2.xcdatamodel"; sourceTree = "<group>"; };
		FD861EEC16B3709D0037E760 /* Report.h */ = {isa = PBXFileReference; fileEncoding = 4; lastKnownFileType = sourcecode.c.h; path = Report.h; sourceTree = "<group>"; };
		FD861EED16B3709D0037E760 /* Report.m */ = {isa = PBXFileReference; fileEncoding = 4; lastKnownFileType = sourcecode.c.objc; path = Report.m; sourceTree = "<group>"; };
		FD861EEF16B370D90037E760 /* Report+AdditionalMethods.h */ = {isa = PBXFileReference; fileEncoding = 4; lastKnownFileType = sourcecode.c.h; path = "Report+AdditionalMethods.h"; sourceTree = "<group>"; };
		FD861EF016B370D90037E760 /* Report+AdditionalMethods.m */ = {isa = PBXFileReference; fileEncoding = 4; lastKnownFileType = sourcecode.c.objc; path = "Report+AdditionalMethods.m"; sourceTree = "<group>"; };
		FD95076416AAD7D400092963 /* Model.xcdatamodel */ = {isa = PBXFileReference; lastKnownFileType = wrapper.xcdatamodel; path = Model.xcdatamodel; sourceTree = "<group>"; };
		FD95076816AADCAA00092963 /* OverviewWindowController.h */ = {isa = PBXFileReference; fileEncoding = 4; lastKnownFileType = sourcecode.c.h; path = OverviewWindowController.h; sourceTree = "<group>"; };
		FD95076916AADCAA00092963 /* OverviewWindowController.m */ = {isa = PBXFileReference; fileEncoding = 4; lastKnownFileType = sourcecode.c.objc; path = OverviewWindowController.m; sourceTree = "<group>"; };
		FD95076A16AADCAA00092963 /* OverviewWindowController.xib */ = {isa = PBXFileReference; fileEncoding = 4; lastKnownFileType = file.xib; path = OverviewWindowController.xib; sourceTree = "<group>"; };
		FDCC440216CDD302003D8F99 /* NSArray+ConvenienceMethods.h */ = {isa = PBXFileReference; fileEncoding = 4; lastKnownFileType = sourcecode.c.h; path = "NSArray+ConvenienceMethods.h"; sourceTree = "<group>"; };
		FDCC440316CDD302003D8F99 /* NSArray+ConvenienceMethods.m */ = {isa = PBXFileReference; fileEncoding = 4; lastKnownFileType = sourcecode.c.objc; path = "NSArray+ConvenienceMethods.m"; sourceTree = "<group>"; };
		FDE60E8C1680B2B500AE8703 /* GRMustache_private.h */ = {isa = PBXFileReference; lastKnownFileType = sourcecode.c.h; path = GRMustache_private.h; sourceTree = "<group>"; };
		FDE60E8D1680B2B500AE8703 /* GRMustache.h */ = {isa = PBXFileReference; lastKnownFileType = sourcecode.c.h; path = GRMustache.h; sourceTree = "<group>"; };
		FDE60E8E1680B2B500AE8703 /* GRMustache.m */ = {isa = PBXFileReference; lastKnownFileType = sourcecode.c.objc; path = GRMustache.m; sourceTree = "<group>"; };
		FDE60E8F1680B2B500AE8703 /* GRMustacheAccumulatorTag_private.h */ = {isa = PBXFileReference; lastKnownFileType = sourcecode.c.h; path = GRMustacheAccumulatorTag_private.h; sourceTree = "<group>"; };
		FDE60E901680B2B500AE8703 /* GRMustacheAccumulatorTag.m */ = {isa = PBXFileReference; lastKnownFileType = sourcecode.c.objc; path = GRMustacheAccumulatorTag.m; sourceTree = "<group>"; };
		FDE60E911680B2B500AE8703 /* GRMustacheAvailabilityMacros_private.h */ = {isa = PBXFileReference; lastKnownFileType = sourcecode.c.h; path = GRMustacheAvailabilityMacros_private.h; sourceTree = "<group>"; };
		FDE60E921680B2B500AE8703 /* GRMustacheAvailabilityMacros.h */ = {isa = PBXFileReference; lastKnownFileType = sourcecode.c.h; path = GRMustacheAvailabilityMacros.h; sourceTree = "<group>"; };
		FDE60E931680B2B500AE8703 /* GRMustacheCompiler_private.h */ = {isa = PBXFileReference; lastKnownFileType = sourcecode.c.h; path = GRMustacheCompiler_private.h; sourceTree = "<group>"; };
		FDE60E941680B2B500AE8703 /* GRMustacheCompiler.m */ = {isa = PBXFileReference; lastKnownFileType = sourcecode.c.objc; path = GRMustacheCompiler.m; sourceTree = "<group>"; };
		FDE60E951680B2B500AE8703 /* GRMustacheContext_private.h */ = {isa = PBXFileReference; lastKnownFileType = sourcecode.c.h; path = GRMustacheContext_private.h; sourceTree = "<group>"; };
		FDE60E961680B2B500AE8703 /* GRMustacheContext.h */ = {isa = PBXFileReference; lastKnownFileType = sourcecode.c.h; path = GRMustacheContext.h; sourceTree = "<group>"; };
		FDE60E971680B2B500AE8703 /* GRMustacheContext.m */ = {isa = PBXFileReference; lastKnownFileType = sourcecode.c.objc; path = GRMustacheContext.m; sourceTree = "<group>"; };
		FDE60E981680B2B500AE8703 /* GRMustacheError.h */ = {isa = PBXFileReference; lastKnownFileType = sourcecode.c.h; path = GRMustacheError.h; sourceTree = "<group>"; };
		FDE60E991680B2B500AE8703 /* GRMustacheError.m */ = {isa = PBXFileReference; lastKnownFileType = sourcecode.c.objc; path = GRMustacheError.m; sourceTree = "<group>"; };
		FDE60E9A1680B2B500AE8703 /* GRMustacheExpression_private.h */ = {isa = PBXFileReference; lastKnownFileType = sourcecode.c.h; path = GRMustacheExpression_private.h; sourceTree = "<group>"; };
		FDE60E9B1680B2B500AE8703 /* GRMustacheExpression.m */ = {isa = PBXFileReference; lastKnownFileType = sourcecode.c.objc; path = GRMustacheExpression.m; sourceTree = "<group>"; };
		FDE60E9C1680B2B500AE8703 /* GRMustacheFilter_private.h */ = {isa = PBXFileReference; lastKnownFileType = sourcecode.c.h; path = GRMustacheFilter_private.h; sourceTree = "<group>"; };
		FDE60E9D1680B2B500AE8703 /* GRMustacheFilter.h */ = {isa = PBXFileReference; lastKnownFileType = sourcecode.c.h; path = GRMustacheFilter.h; sourceTree = "<group>"; };
		FDE60E9E1680B2B500AE8703 /* GRMustacheFilter.m */ = {isa = PBXFileReference; lastKnownFileType = sourcecode.c.objc; path = GRMustacheFilter.m; sourceTree = "<group>"; };
		FDE60E9F1680B2B500AE8703 /* GRMustacheFilteredExpression_private.h */ = {isa = PBXFileReference; lastKnownFileType = sourcecode.c.h; path = GRMustacheFilteredExpression_private.h; sourceTree = "<group>"; };
		FDE60EA01680B2B500AE8703 /* GRMustacheFilteredExpression.m */ = {isa = PBXFileReference; lastKnownFileType = sourcecode.c.objc; path = GRMustacheFilteredExpression.m; sourceTree = "<group>"; };
		FDE60EA11680B2B500AE8703 /* GRMustacheFilterLibrary_private.h */ = {isa = PBXFileReference; lastKnownFileType = sourcecode.c.h; path = GRMustacheFilterLibrary_private.h; sourceTree = "<group>"; };
		FDE60EA21680B2B500AE8703 /* GRMustacheFilterLibrary.m */ = {isa = PBXFileReference; lastKnownFileType = sourcecode.c.objc; path = GRMustacheFilterLibrary.m; sourceTree = "<group>"; };
		FDE60EA31680B2B500AE8703 /* GRMustacheIdentifierExpression_private.h */ = {isa = PBXFileReference; lastKnownFileType = sourcecode.c.h; path = GRMustacheIdentifierExpression_private.h; sourceTree = "<group>"; };
		FDE60EA41680B2B500AE8703 /* GRMustacheIdentifierExpression.m */ = {isa = PBXFileReference; lastKnownFileType = sourcecode.c.objc; path = GRMustacheIdentifierExpression.m; sourceTree = "<group>"; };
		FDE60EA51680B2B500AE8703 /* GRMustacheImplicitIteratorExpression_private.h */ = {isa = PBXFileReference; lastKnownFileType = sourcecode.c.h; path = GRMustacheImplicitIteratorExpression_private.h; sourceTree = "<group>"; };
		FDE60EA61680B2B500AE8703 /* GRMustacheImplicitIteratorExpression.m */ = {isa = PBXFileReference; lastKnownFileType = sourcecode.c.objc; path = GRMustacheImplicitIteratorExpression.m; sourceTree = "<group>"; };
		FDE60EA71680B2B500AE8703 /* GRMustacheParser_private.h */ = {isa = PBXFileReference; lastKnownFileType = sourcecode.c.h; path = GRMustacheParser_private.h; sourceTree = "<group>"; };
		FDE60EA81680B2B500AE8703 /* GRMustacheParser.m */ = {isa = PBXFileReference; lastKnownFileType = sourcecode.c.objc; path = GRMustacheParser.m; sourceTree = "<group>"; };
		FDE60EA91680B2B500AE8703 /* GRMustacheRendering.h */ = {isa = PBXFileReference; lastKnownFileType = sourcecode.c.h; path = GRMustacheRendering.h; sourceTree = "<group>"; };
		FDE60EAA1680B2B500AE8703 /* GRMustacheScopedExpression_private.h */ = {isa = PBXFileReference; lastKnownFileType = sourcecode.c.h; path = GRMustacheScopedExpression_private.h; sourceTree = "<group>"; };
		FDE60EAB1680B2B500AE8703 /* GRMustacheScopedExpression.m */ = {isa = PBXFileReference; lastKnownFileType = sourcecode.c.objc; path = GRMustacheScopedExpression.m; sourceTree = "<group>"; };
		FDE60EAC1680B2B500AE8703 /* GRMustacheSectionTag_private.h */ = {isa = PBXFileReference; lastKnownFileType = sourcecode.c.h; path = GRMustacheSectionTag_private.h; sourceTree = "<group>"; };
		FDE60EAD1680B2B500AE8703 /* GRMustacheSectionTag.m */ = {isa = PBXFileReference; lastKnownFileType = sourcecode.c.objc; path = GRMustacheSectionTag.m; sourceTree = "<group>"; };
		FDE60EAE1680B2B500AE8703 /* GRMustacheTag_private.h */ = {isa = PBXFileReference; lastKnownFileType = sourcecode.c.h; path = GRMustacheTag_private.h; sourceTree = "<group>"; };
		FDE60EAF1680B2B500AE8703 /* GRMustacheTag.h */ = {isa = PBXFileReference; lastKnownFileType = sourcecode.c.h; path = GRMustacheTag.h; sourceTree = "<group>"; };
		FDE60EB01680B2B500AE8703 /* GRMustacheTag.m */ = {isa = PBXFileReference; lastKnownFileType = sourcecode.c.objc; path = GRMustacheTag.m; sourceTree = "<group>"; };
		FDE60EB11680B2B500AE8703 /* GRMustacheTagDelegate.h */ = {isa = PBXFileReference; lastKnownFileType = sourcecode.c.h; path = GRMustacheTagDelegate.h; sourceTree = "<group>"; };
		FDE60EB21680B2B500AE8703 /* GRMustacheTemplate_private.h */ = {isa = PBXFileReference; lastKnownFileType = sourcecode.c.h; path = GRMustacheTemplate_private.h; sourceTree = "<group>"; };
		FDE60EB31680B2B500AE8703 /* GRMustacheTemplate.h */ = {isa = PBXFileReference; lastKnownFileType = sourcecode.c.h; path = GRMustacheTemplate.h; sourceTree = "<group>"; };
		FDE60EB41680B2B500AE8703 /* GRMustacheTemplate.m */ = {isa = PBXFileReference; lastKnownFileType = sourcecode.c.objc; path = GRMustacheTemplate.m; sourceTree = "<group>"; };
		FDE60EB51680B2B500AE8703 /* GRMustacheTemplateComponent_private.h */ = {isa = PBXFileReference; lastKnownFileType = sourcecode.c.h; path = GRMustacheTemplateComponent_private.h; sourceTree = "<group>"; };
		FDE60EB61680B2B500AE8703 /* GRMustacheTemplateOverride_private.h */ = {isa = PBXFileReference; lastKnownFileType = sourcecode.c.h; path = GRMustacheTemplateOverride_private.h; sourceTree = "<group>"; };
		FDE60EB71680B2B500AE8703 /* GRMustacheTemplateOverride.m */ = {isa = PBXFileReference; lastKnownFileType = sourcecode.c.objc; path = GRMustacheTemplateOverride.m; sourceTree = "<group>"; };
		FDE60EB81680B2B500AE8703 /* GRMustacheTemplateRepository_private.h */ = {isa = PBXFileReference; lastKnownFileType = sourcecode.c.h; path = GRMustacheTemplateRepository_private.h; sourceTree = "<group>"; };
		FDE60EB91680B2B500AE8703 /* GRMustacheTemplateRepository.h */ = {isa = PBXFileReference; lastKnownFileType = sourcecode.c.h; path = GRMustacheTemplateRepository.h; sourceTree = "<group>"; };
		FDE60EBA1680B2B500AE8703 /* GRMustacheTemplateRepository.m */ = {isa = PBXFileReference; lastKnownFileType = sourcecode.c.objc; path = GRMustacheTemplateRepository.m; sourceTree = "<group>"; };
		FDE60EBB1680B2B500AE8703 /* GRMustacheTextComponent_private.h */ = {isa = PBXFileReference; lastKnownFileType = sourcecode.c.h; path = GRMustacheTextComponent_private.h; sourceTree = "<group>"; };
		FDE60EBC1680B2B500AE8703 /* GRMustacheTextComponent.m */ = {isa = PBXFileReference; lastKnownFileType = sourcecode.c.objc; path = GRMustacheTextComponent.m; sourceTree = "<group>"; };
		FDE60EBD1680B2B500AE8703 /* GRMustacheToken_private.h */ = {isa = PBXFileReference; lastKnownFileType = sourcecode.c.h; path = GRMustacheToken_private.h; sourceTree = "<group>"; };
		FDE60EBE1680B2B500AE8703 /* GRMustacheToken.m */ = {isa = PBXFileReference; lastKnownFileType = sourcecode.c.objc; path = GRMustacheToken.m; sourceTree = "<group>"; };
		FDE60EBF1680B2B500AE8703 /* GRMustacheVariableTag_private.h */ = {isa = PBXFileReference; lastKnownFileType = sourcecode.c.h; path = GRMustacheVariableTag_private.h; sourceTree = "<group>"; };
		FDE60EC01680B2B500AE8703 /* GRMustacheVariableTag.m */ = {isa = PBXFileReference; lastKnownFileType = sourcecode.c.objc; path = GRMustacheVariableTag.m; sourceTree = "<group>"; };
		FDE60EC11680B2B500AE8703 /* GRMustacheVersion.h */ = {isa = PBXFileReference; lastKnownFileType = sourcecode.c.h; path = GRMustacheVersion.h; sourceTree = "<group>"; };
		FDE60EC21680B7C800AE8703 /* Points Format.mustache */ = {isa = PBXFileReference; fileEncoding = 4; lastKnownFileType = text; path = "Points Format.mustache"; sourceTree = "<group>"; xcLanguageSpecificationIdentifier = xcode.lang.html; };
		FDE60EDC1680C96900AE8703 /* WebKit.framework */ = {isa = PBXFileReference; lastKnownFileType = wrapper.framework; name = WebKit.framework; path = System/Library/Frameworks/WebKit.framework; sourceTree = SDKROOT; };
		FDED2ADE1678C90E00BC416C /* Closer.app */ = {isa = PBXFileReference; explicitFileType = wrapper.application; includeInIndex = 0; path = Closer.app; sourceTree = BUILT_PRODUCTS_DIR; };
		FDED2AE21678C90E00BC416C /* Cocoa.framework */ = {isa = PBXFileReference; lastKnownFileType = wrapper.framework; name = Cocoa.framework; path = System/Library/Frameworks/Cocoa.framework; sourceTree = SDKROOT; };
		FDED2AE51678C90E00BC416C /* AppKit.framework */ = {isa = PBXFileReference; lastKnownFileType = wrapper.framework; name = AppKit.framework; path = System/Library/Frameworks/AppKit.framework; sourceTree = SDKROOT; };
		FDED2AE61678C90E00BC416C /* CoreData.framework */ = {isa = PBXFileReference; lastKnownFileType = wrapper.framework; name = CoreData.framework; path = System/Library/Frameworks/CoreData.framework; sourceTree = SDKROOT; };
		FDED2AE71678C90E00BC416C /* Foundation.framework */ = {isa = PBXFileReference; lastKnownFileType = wrapper.framework; name = Foundation.framework; path = System/Library/Frameworks/Foundation.framework; sourceTree = SDKROOT; };
		FDED2AEA1678C90E00BC416C /* Closer-Info.plist */ = {isa = PBXFileReference; lastKnownFileType = text.plist.xml; path = "Closer-Info.plist"; sourceTree = "<group>"; };
		FDED2AEC1678C90E00BC416C /* en */ = {isa = PBXFileReference; lastKnownFileType = text.plist.strings; name = en; path = en.lproj/InfoPlist.strings; sourceTree = "<group>"; };
		FDED2AEE1678C90E00BC416C /* main.m */ = {isa = PBXFileReference; lastKnownFileType = sourcecode.c.objc; path = main.m; sourceTree = "<group>"; };
		FDED2AF01678C90E00BC416C /* Closer-Prefix.pch */ = {isa = PBXFileReference; lastKnownFileType = sourcecode.c.h; path = "Closer-Prefix.pch"; sourceTree = "<group>"; };
		FDED2AF21678C90E00BC416C /* en */ = {isa = PBXFileReference; lastKnownFileType = text.rtf; name = en; path = en.lproj/Credits.rtf; sourceTree = "<group>"; };
		FDED2AF41678C90E00BC416C /* DJAppDelegate.h */ = {isa = PBXFileReference; lastKnownFileType = sourcecode.c.h; path = DJAppDelegate.h; sourceTree = "<group>"; };
		FDED2AF51678C90E00BC416C /* DJAppDelegate.m */ = {isa = PBXFileReference; lastKnownFileType = sourcecode.c.objc; path = DJAppDelegate.m; sourceTree = "<group>"; };
		FDED2AF81678C90F00BC416C /* en */ = {isa = PBXFileReference; lastKnownFileType = file.xib; name = en; path = en.lproj/MainMenu.xib; sourceTree = "<group>"; };
/* End PBXFileReference section */

/* Begin PBXFrameworksBuildPhase section */
		FDED2ADB1678C90E00BC416C /* Frameworks */ = {
			isa = PBXFrameworksBuildPhase;
			buildActionMask = 2147483647;
			files = (
				FD3B353816F17AF9003F8604 /* Quartz.framework in Frameworks */,
				FD4FBF7016C6044D00E549DE /* libresolv.dylib in Frameworks */,
				FD4FBF6D16C6042500E549DE /* libYACYAML.a in Frameworks */,
				FD4FBF6E16C6042500E549DE /* libYAML.a in Frameworks */,
				FD861ECF16B2B7A40037E760 /* Accounts.framework in Frameworks */,
				FD861ECD16B2B7A00037E760 /* Social.framework in Frameworks */,
				FDE60EDD1680C96A00AE8703 /* WebKit.framework in Frameworks */,
				FD601EBE167F7574008DDBF0 /* ScriptingBridge.framework in Frameworks */,
				FDED2AE31678C90E00BC416C /* Cocoa.framework in Frameworks */,
			);
			runOnlyForDeploymentPostprocessing = 0;
		};
/* End PBXFrameworksBuildPhase section */

/* Begin PBXGroup section */
		FD4FBF6016C603DC00E549DE /* Products */ = {
			isa = PBXGroup;
			children = (
				FD4FBF6616C603DD00E549DE /* libYACYAML.a */,
				FD4FBF6816C603DD00E549DE /* YACYAMLTests.octest */,
				FD4FBF6A16C603DD00E549DE /* libYAML.a */,
			);
			name = Products;
			sourceTree = "<group>";
		};
		FD72D76216AAF09E00F57B12 /* Models */ = {
			isa = PBXGroup;
			children = (
				FD861ED016B362A00037E760 /* DJEntry+AdditionalMethods.h */,
				FD861ED116B362A00037E760 /* DJEntry+AdditionalMethods.m */,
				FD861EEF16B370D90037E760 /* Report+AdditionalMethods.h */,
				FD861EF016B370D90037E760 /* Report+AdditionalMethods.m */,
				FD861EE816B369170037E760 /* DJEntry.h */,
				FD861EE916B369170037E760 /* DJEntry.m */,
				FD95076316AAD7D400092963 /* Model.xcdatamodeld */,
				FD861EEC16B3709D0037E760 /* Report.h */,
				FD861EED16B3709D0037E760 /* Report.m */,
			);
			name = Models;
			sourceTree = "<group>";
		};
		FDE60E8B1680B2A800AE8703 /* GRMustache */ = {
			isa = PBXGroup;
			children = (
				FDE60E8C1680B2B500AE8703 /* GRMustache_private.h */,
				FDE60E8D1680B2B500AE8703 /* GRMustache.h */,
				FDE60E8E1680B2B500AE8703 /* GRMustache.m */,
				FDE60E8F1680B2B500AE8703 /* GRMustacheAccumulatorTag_private.h */,
				FDE60E901680B2B500AE8703 /* GRMustacheAccumulatorTag.m */,
				FDE60E911680B2B500AE8703 /* GRMustacheAvailabilityMacros_private.h */,
				FDE60E921680B2B500AE8703 /* GRMustacheAvailabilityMacros.h */,
				FDE60E931680B2B500AE8703 /* GRMustacheCompiler_private.h */,
				FDE60E941680B2B500AE8703 /* GRMustacheCompiler.m */,
				FDE60E951680B2B500AE8703 /* GRMustacheContext_private.h */,
				FDE60E961680B2B500AE8703 /* GRMustacheContext.h */,
				FDE60E971680B2B500AE8703 /* GRMustacheContext.m */,
				FDE60E981680B2B500AE8703 /* GRMustacheError.h */,
				FDE60E991680B2B500AE8703 /* GRMustacheError.m */,
				FDE60E9A1680B2B500AE8703 /* GRMustacheExpression_private.h */,
				FDE60E9B1680B2B500AE8703 /* GRMustacheExpression.m */,
				FDE60E9C1680B2B500AE8703 /* GRMustacheFilter_private.h */,
				FDE60E9D1680B2B500AE8703 /* GRMustacheFilter.h */,
				FDE60E9E1680B2B500AE8703 /* GRMustacheFilter.m */,
				FDE60E9F1680B2B500AE8703 /* GRMustacheFilteredExpression_private.h */,
				FDE60EA01680B2B500AE8703 /* GRMustacheFilteredExpression.m */,
				FDE60EA11680B2B500AE8703 /* GRMustacheFilterLibrary_private.h */,
				FDE60EA21680B2B500AE8703 /* GRMustacheFilterLibrary.m */,
				FDE60EA31680B2B500AE8703 /* GRMustacheIdentifierExpression_private.h */,
				FDE60EA41680B2B500AE8703 /* GRMustacheIdentifierExpression.m */,
				FDE60EA51680B2B500AE8703 /* GRMustacheImplicitIteratorExpression_private.h */,
				FDE60EA61680B2B500AE8703 /* GRMustacheImplicitIteratorExpression.m */,
				FDE60EA71680B2B500AE8703 /* GRMustacheParser_private.h */,
				FDE60EA81680B2B500AE8703 /* GRMustacheParser.m */,
				FDE60EA91680B2B500AE8703 /* GRMustacheRendering.h */,
				FDE60EAA1680B2B500AE8703 /* GRMustacheScopedExpression_private.h */,
				FDE60EAB1680B2B500AE8703 /* GRMustacheScopedExpression.m */,
				FDE60EAC1680B2B500AE8703 /* GRMustacheSectionTag_private.h */,
				FDE60EAD1680B2B500AE8703 /* GRMustacheSectionTag.m */,
				FDE60EAE1680B2B500AE8703 /* GRMustacheTag_private.h */,
				FDE60EAF1680B2B500AE8703 /* GRMustacheTag.h */,
				FDE60EB01680B2B500AE8703 /* GRMustacheTag.m */,
				FDE60EB11680B2B500AE8703 /* GRMustacheTagDelegate.h */,
				FDE60EB21680B2B500AE8703 /* GRMustacheTemplate_private.h */,
				FDE60EB31680B2B500AE8703 /* GRMustacheTemplate.h */,
				FDE60EB41680B2B500AE8703 /* GRMustacheTemplate.m */,
				FDE60EB51680B2B500AE8703 /* GRMustacheTemplateComponent_private.h */,
				FDE60EB61680B2B500AE8703 /* GRMustacheTemplateOverride_private.h */,
				FDE60EB71680B2B500AE8703 /* GRMustacheTemplateOverride.m */,
				FDE60EB81680B2B500AE8703 /* GRMustacheTemplateRepository_private.h */,
				FDE60EB91680B2B500AE8703 /* GRMustacheTemplateRepository.h */,
				FDE60EBA1680B2B500AE8703 /* GRMustacheTemplateRepository.m */,
				FDE60EBB1680B2B500AE8703 /* GRMustacheTextComponent_private.h */,
				FDE60EBC1680B2B500AE8703 /* GRMustacheTextComponent.m */,
				FDE60EBD1680B2B500AE8703 /* GRMustacheToken_private.h */,
				FDE60EBE1680B2B500AE8703 /* GRMustacheToken.m */,
				FDE60EBF1680B2B500AE8703 /* GRMustacheVariableTag_private.h */,
				FDE60EC01680B2B500AE8703 /* GRMustacheVariableTag.m */,
				FDE60EC11680B2B500AE8703 /* GRMustacheVersion.h */,
			);
			name = GRMustache;
			sourceTree = "<group>";
		};
		FDED2AD31678C90E00BC416C = {
			isa = PBXGroup;
			children = (
				FD3B353716F17AF8003F8604 /* Quartz.framework */,
				FD4FBF6F16C6044D00E549DE /* libresolv.dylib */,
				FD4FBF5F16C603DC00E549DE /* YACYAML.xcodeproj */,
				FD861ECE16B2B7A40037E760 /* Accounts.framework */,
				FD861ECC16B2B7A00037E760 /* Social.framework */,
				FDE60EDC1680C96900AE8703 /* WebKit.framework */,
				FD601EBD167F7574008DDBF0 /* ScriptingBridge.framework */,
				FDED2AE81678C90E00BC416C /* Closer */,
				FDED2AE11678C90E00BC416C /* Frameworks */,
				FDED2ADF1678C90E00BC416C /* Products */,
			);
			sourceTree = "<group>";
		};
		FDED2ADF1678C90E00BC416C /* Products */ = {
			isa = PBXGroup;
			children = (
				FDED2ADE1678C90E00BC416C /* Closer.app */,
			);
			name = Products;
			sourceTree = "<group>";
		};
		FDED2AE11678C90E00BC416C /* Frameworks */ = {
			isa = PBXGroup;
			children = (
				FDED2AE21678C90E00BC416C /* Cocoa.framework */,
				FDED2AE41678C90E00BC416C /* Other Frameworks */,
			);
			name = Frameworks;
			sourceTree = "<group>";
		};
		FDED2AE41678C90E00BC416C /* Other Frameworks */ = {
			isa = PBXGroup;
			children = (
				FDED2AE51678C90E00BC416C /* AppKit.framework */,
				FDED2AE61678C90E00BC416C /* CoreData.framework */,
				FDED2AE71678C90E00BC416C /* Foundation.framework */,
			);
			name = "Other Frameworks";
			sourceTree = "<group>";
		};
		FDED2AE81678C90E00BC416C /* Closer */ = {
			isa = PBXGroup;
			children = (
				FD3B353B16F17C1B003F8604 /* QLPreviewPanel+Secret.h */,
				FD45979B1690038800D820DC /* NSApplication+SheetsAndBlocks.h */,
				FD45979C1690038800D820DC /* NSApplication+SheetsAndBlocks.m */,
				FD7C77E1168358650004030C /* NSApplication+ESSApplicationCategory.h */,
				FD7C77E2168358650004030C /* NSApplication+ESSApplicationCategory.m */,
				FDED2AF41678C90E00BC416C /* DJAppDelegate.h */,
				FDED2AF51678C90E00BC416C /* DJAppDelegate.m */,
				FD72D75C16AAEC4E00F57B12 /* ThingsDataController.h */,
				FD72D75D16AAEC4E00F57B12 /* ThingsDataController.m */,
				FDCC440216CDD302003D8F99 /* NSArray+ConvenienceMethods.h */,
				FDCC440316CDD302003D8F99 /* NSArray+ConvenienceMethods.m */,
				FD861EC616B2AB500037E760 /* DJPostWindowController.h */,
				FD861EC716B2AB500037E760 /* DJPostWindowController.m */,
				FD861EC816B2AB500037E760 /* PostWindow.xib */,
				FD2A3EA016AEF724004E1448 /* NSDate+MoreDates.h */,
				FD2A3E9F16AEF724004E1448 /* NSDate+MoreDates.m */,
				FD95076816AADCAA00092963 /* OverviewWindowController.h */,
				FD95076916AADCAA00092963 /* OverviewWindowController.m */,
				FD95076A16AADCAA00092963 /* OverviewWindowController.xib */,
				FD1D0C8816ABDE75006B4254 /* MTRandom.h */,
				FD1D0C8916ABDE75006B4254 /* MTRandom.m */,
				FD1D0C8B16ABE33E006B4254 /* NSString+GenericString.h */,
				FD1D0C8C16ABE33E006B4254 /* NSString+GenericString.m */,
				FD72D76216AAF09E00F57B12 /* Models */,
				FDE60E8B1680B2A800AE8703 /* GRMustache */,
				FDED2AF71678C90F00BC416C /* MainMenu.xib */,
				FD601EC0167F759E008DDBF0 /* Things.h */,
				FDED2AE91678C90E00BC416C /* Supporting Files */,
			);
			path = Closer;
			sourceTree = "<group>";
		};
		FDED2AE91678C90E00BC416C /* Supporting Files */ = {
			isa = PBXGroup;
			children = (
				FD4FBF7116C6089100E549DE /* Prizes.yaml */,
				FD72D77316ABC7D800F57B12 /* PostTemplate.md */,
				FD7C77E7168386FC0004030C /* Icon.iconset */,
				FD459799168F409900D820DC /* Rules Format.mustache */,
				FDE60EC21680B7C800AE8703 /* Points Format.mustache */,
				FDED2AEA1678C90E00BC416C /* Closer-Info.plist */,
				FDED2AEB1678C90E00BC416C /* InfoPlist.strings */,
				FDED2AEE1678C90E00BC416C /* main.m */,
				FDED2AF01678C90E00BC416C /* Closer-Prefix.pch */,
				FDED2AF11678C90E00BC416C /* Credits.rtf */,
			);
			name = "Supporting Files";
			sourceTree = "<group>";
		};
/* End PBXGroup section */

/* Begin PBXNativeTarget section */
		FDED2ADD1678C90E00BC416C /* Closer */ = {
			isa = PBXNativeTarget;
			buildConfigurationList = FDED2AFC1678C90F00BC416C /* Build configuration list for PBXNativeTarget "Closer" */;
			buildPhases = (
				FDED2ADA1678C90E00BC416C /* Sources */,
				FDED2ADB1678C90E00BC416C /* Frameworks */,
				FDED2ADC1678C90E00BC416C /* Resources */,
				FD0570BF1684530500E5E7C4 /* ShellScript */,
			);
			buildRules = (
			);
			dependencies = (
				FD4FBF6C16C6040600E549DE /* PBXTargetDependency */,
			);
			name = Closer;
			productName = Closer;
			productReference = FDED2ADE1678C90E00BC416C /* Closer.app */;
			productType = "com.apple.product-type.application";
		};
/* End PBXNativeTarget section */

/* Begin PBXProject section */
		FDED2AD51678C90E00BC416C /* Project object */ = {
			isa = PBXProject;
			attributes = {
				CLASSPREFIX = DJ;
				LastUpgradeCheck = 0450;
				ORGANIZATIONNAME = Earl;
			};
			buildConfigurationList = FDED2AD81678C90E00BC416C /* Build configuration list for PBXProject "Closer" */;
			compatibilityVersion = "Xcode 3.2";
			developmentRegion = English;
			hasScannedForEncodings = 0;
			knownRegions = (
				en,
			);
			mainGroup = FDED2AD31678C90E00BC416C;
			productRefGroup = FDED2ADF1678C90E00BC416C /* Products */;
			projectDirPath = "";
			projectReferences = (
				{
					ProductGroup = FD4FBF6016C603DC00E549DE /* Products */;
					ProjectRef = FD4FBF5F16C603DC00E549DE /* YACYAML.xcodeproj */;
				},
			);
			projectRoot = "";
			targets = (
				FDED2ADD1678C90E00BC416C /* Closer */,
			);
		};
/* End PBXProject section */

/* Begin PBXReferenceProxy section */
		FD4FBF6616C603DD00E549DE /* libYACYAML.a */ = {
			isa = PBXReferenceProxy;
			fileType = archive.ar;
			path = libYACYAML.a;
			remoteRef = FD4FBF6516C603DD00E549DE /* PBXContainerItemProxy */;
			sourceTree = BUILT_PRODUCTS_DIR;
		};
		FD4FBF6816C603DD00E549DE /* YACYAMLTests.octest */ = {
			isa = PBXReferenceProxy;
			fileType = wrapper.cfbundle;
			path = YACYAMLTests.octest;
			remoteRef = FD4FBF6716C603DD00E549DE /* PBXContainerItemProxy */;
			sourceTree = BUILT_PRODUCTS_DIR;
		};
		FD4FBF6A16C603DD00E549DE /* libYAML.a */ = {
			isa = PBXReferenceProxy;
			fileType = archive.ar;
			path = libYAML.a;
			remoteRef = FD4FBF6916C603DD00E549DE /* PBXContainerItemProxy */;
			sourceTree = BUILT_PRODUCTS_DIR;
		};
/* End PBXReferenceProxy section */

/* Begin PBXResourcesBuildPhase section */
		FDED2ADC1678C90E00BC416C /* Resources */ = {
			isa = PBXResourcesBuildPhase;
			buildActionMask = 2147483647;
			files = (
				FDED2AED1678C90E00BC416C /* InfoPlist.strings in Resources */,
				FDED2AF31678C90E00BC416C /* Credits.rtf in Resources */,
				FDED2AF91678C90F00BC416C /* MainMenu.xib in Resources */,
				FDE60EC31680B7C800AE8703 /* Points Format.mustache in Resources */,
				FD7C77E8168386FC0004030C /* Icon.iconset in Resources */,
				FD45979A168F409900D820DC /* Rules Format.mustache in Resources */,
				FD95076C16AADCAA00092963 /* OverviewWindowController.xib in Resources */,
				FD72D77416ABC7D800F57B12 /* PostTemplate.md in Resources */,
				FD861ECA16B2AB500037E760 /* PostWindow.xib in Resources */,
				FD4FBF7216C6089100E549DE /* Prizes.yaml in Resources */,
			);
			runOnlyForDeploymentPostprocessing = 0;
		};
/* End PBXResourcesBuildPhase section */

/* Begin PBXShellScriptBuildPhase section */
		FD0570BF1684530500E5E7C4 /* ShellScript */ = {
			isa = PBXShellScriptBuildPhase;
			buildActionMask = 2147483647;
			files = (
			);
			inputPaths = (
			);
			outputPaths = (
			);
			runOnlyForDeploymentPostprocessing = 0;
			shellPath = /bin/sh;
			shellScript = "KEYWORDS=\"TODO:|FIXME:|\\?\\?\\?:|\\!\\!\\!:\"\nfind \"${SRCROOT}\" \\( -name \"*.h\" -or -name \"*.m\" \\) -print0 | xargs -0 egrep --with-filename --line-number --only-matching \"($KEYWORDS).*\\$\" | perl -p -e \"s/($KEYWORDS)/ warning: \\$1/\"";
		};
/* End PBXShellScriptBuildPhase section */

/* Begin PBXSourcesBuildPhase section */
		FDED2ADA1678C90E00BC416C /* Sources */ = {
			isa = PBXSourcesBuildPhase;
			buildActionMask = 2147483647;
			files = (
				FDE60EC71680C0C500AE8703 /* GRMustache.m in Sources */,
				FDE60EC81680C0C500AE8703 /* GRMustacheAccumulatorTag.m in Sources */,
				FDE60EC91680C0C500AE8703 /* GRMustacheCompiler.m in Sources */,
				FDE60ECA1680C0C500AE8703 /* GRMustacheContext.m in Sources */,
				FDE60ECB1680C0C500AE8703 /* GRMustacheError.m in Sources */,
				FDE60ECC1680C0C500AE8703 /* GRMustacheExpression.m in Sources */,
				FDE60ECD1680C0C500AE8703 /* GRMustacheFilter.m in Sources */,
				FDE60ECE1680C0C500AE8703 /* GRMustacheFilteredExpression.m in Sources */,
				FDE60ECF1680C0C500AE8703 /* GRMustacheFilterLibrary.m in Sources */,
				FDE60ED01680C0C500AE8703 /* GRMustacheIdentifierExpression.m in Sources */,
				FDE60ED11680C0C500AE8703 /* GRMustacheImplicitIteratorExpression.m in Sources */,
				FDE60ED21680C0C500AE8703 /* GRMustacheParser.m in Sources */,
				FDE60ED31680C0C500AE8703 /* GRMustacheScopedExpression.m in Sources */,
				FDE60ED41680C0C500AE8703 /* GRMustacheSectionTag.m in Sources */,
				FDE60ED51680C0C500AE8703 /* GRMustacheTag.m in Sources */,
				FDE60ED61680C0C500AE8703 /* GRMustacheTemplate.m in Sources */,
				FDE60ED71680C0C500AE8703 /* GRMustacheTemplateOverride.m in Sources */,
				FDE60ED81680C0C500AE8703 /* GRMustacheTemplateRepository.m in Sources */,
				FDE60ED91680C0C500AE8703 /* GRMustacheTextComponent.m in Sources */,
				FDE60EDA1680C0C500AE8703 /* GRMustacheToken.m in Sources */,
				FDE60EDB1680C0C500AE8703 /* GRMustacheVariableTag.m in Sources */,
				FDED2AEF1678C90E00BC416C /* main.m in Sources */,
				FD7C77E3168358800004030C /* NSApplication+ESSApplicationCategory.m in Sources */,
				FDED2AF61678C90E00BC416C /* DJAppDelegate.m in Sources */,
				FD45979D1690038800D820DC /* NSApplication+SheetsAndBlocks.m in Sources */,
				FD95076516AAD7D400092963 /* Model.xcdatamodeld in Sources */,
				FD95076B16AADCAA00092963 /* OverviewWindowController.m in Sources */,
				FD72D75E16AAEC4E00F57B12 /* ThingsDataController.m in Sources */,
				FD1D0C8A16ABDE75006B4254 /* MTRandom.m in Sources */,
				FD1D0C8D16ABE33E006B4254 /* NSString+GenericString.m in Sources */,
				FD2A3EA116AEF724004E1448 /* NSDate+MoreDates.m in Sources */,
				FD861EC916B2AB500037E760 /* DJPostWindowController.m in Sources */,
				FD861ED216B362A10037E760 /* DJEntry+AdditionalMethods.m in Sources */,
				FD861EEA16B369170037E760 /* DJEntry.m in Sources */,
				FD861EEE16B3709D0037E760 /* Report.m in Sources */,
				FD861EF116B370D90037E760 /* Report+AdditionalMethods.m in Sources */,
				FDCC440416CDD302003D8F99 /* NSArray+ConvenienceMethods.m in Sources */,
			);
			runOnlyForDeploymentPostprocessing = 0;
		};
/* End PBXSourcesBuildPhase section */

/* Begin PBXTargetDependency section */
		FD4FBF6C16C6040600E549DE /* PBXTargetDependency */ = {
			isa = PBXTargetDependency;
			name = YACYAML;
			targetProxy = FD4FBF6B16C6040600E549DE /* PBXContainerItemProxy */;
		};
/* End PBXTargetDependency section */

/* Begin PBXVariantGroup section */
		FDED2AEB1678C90E00BC416C /* InfoPlist.strings */ = {
			isa = PBXVariantGroup;
			children = (
				FDED2AEC1678C90E00BC416C /* en */,
			);
			name = InfoPlist.strings;
			sourceTree = "<group>";
		};
		FDED2AF11678C90E00BC416C /* Credits.rtf */ = {
			isa = PBXVariantGroup;
			children = (
				FDED2AF21678C90E00BC416C /* en */,
			);
			name = Credits.rtf;
			sourceTree = "<group>";
		};
		FDED2AF71678C90F00BC416C /* MainMenu.xib */ = {
			isa = PBXVariantGroup;
			children = (
				FDED2AF81678C90F00BC416C /* en */,
			);
			name = MainMenu.xib;
			sourceTree = "<group>";
		};
/* End PBXVariantGroup section */

/* Begin XCBuildConfiguration section */
		FDED2AFA1678C90F00BC416C /* Debug */ = {
			isa = XCBuildConfiguration;
			buildSettings = {
				ALWAYS_SEARCH_USER_PATHS = NO;
				ARCHS = "$(ARCHS_STANDARD_64_BIT)";
				CLANG_CXX_LANGUAGE_STANDARD = "gnu++0x";
				CLANG_CXX_LIBRARY = "libc++";
				CLANG_ENABLE_OBJC_ARC = YES;
				CLANG_WARN_EMPTY_BODY = YES;
				CLANG_WARN__DUPLICATE_METHOD_MATCH = YES;
				COPY_PHASE_STRIP = NO;
				GCC_C_LANGUAGE_STANDARD = gnu99;
				GCC_DYNAMIC_NO_PIC = NO;
				GCC_ENABLE_OBJC_EXCEPTIONS = YES;
				GCC_OPTIMIZATION_LEVEL = 0;
				GCC_PREPROCESSOR_DEFINITIONS = (
					"DEBUG=1",
					"$(inherited)",
				);
				GCC_SYMBOLS_PRIVATE_EXTERN = NO;
				GCC_WARN_64_TO_32_BIT_CONVERSION = YES;
				GCC_WARN_ABOUT_RETURN_TYPE = YES;
				GCC_WARN_UNINITIALIZED_AUTOS = YES;
				GCC_WARN_UNUSED_VARIABLE = YES;
				MACOSX_DEPLOYMENT_TARGET = 10.8;
				ONLY_ACTIVE_ARCH = YES;
				SDKROOT = macosx;
			};
			name = Debug;
		};
		FDED2AFB1678C90F00BC416C /* Release */ = {
			isa = XCBuildConfiguration;
			buildSettings = {
				ALWAYS_SEARCH_USER_PATHS = NO;
				ARCHS = "$(ARCHS_STANDARD_64_BIT)";
				CLANG_CXX_LANGUAGE_STANDARD = "gnu++0x";
				CLANG_CXX_LIBRARY = "libc++";
				CLANG_ENABLE_OBJC_ARC = YES;
				CLANG_WARN_EMPTY_BODY = YES;
				CLANG_WARN__DUPLICATE_METHOD_MATCH = YES;
				COPY_PHASE_STRIP = YES;
				DEBUG_INFORMATION_FORMAT = "dwarf-with-dsym";
				GCC_C_LANGUAGE_STANDARD = gnu99;
				GCC_ENABLE_OBJC_EXCEPTIONS = YES;
				GCC_WARN_64_TO_32_BIT_CONVERSION = YES;
				GCC_WARN_ABOUT_RETURN_TYPE = YES;
				GCC_WARN_UNINITIALIZED_AUTOS = YES;
				GCC_WARN_UNUSED_VARIABLE = YES;
				MACOSX_DEPLOYMENT_TARGET = 10.8;
				SDKROOT = macosx;
			};
			name = Release;
		};
		FDED2AFD1678C90F00BC416C /* Debug */ = {
			isa = XCBuildConfiguration;
			buildSettings = {
				COMBINE_HIDPI_IMAGES = YES;
				GCC_PRECOMPILE_PREFIX_HEADER = YES;
				GCC_PREFIX_HEADER = "Closer/Closer-Prefix.pch";
				HEADER_SEARCH_PATHS = (
					"\"$(TARGET_BUILD_DIR)/usr/local/lib/include\"",
					"\"$(OBJROOT)/UninstalledProducts/include\"",
				);
				INFOPLIST_FILE = "Closer/Closer-Info.plist";
				PRODUCT_NAME = "$(TARGET_NAME)";
				WRAPPER_EXTENSION = app;
			};
			name = Debug;
		};
		FDED2AFE1678C90F00BC416C /* Release */ = {
			isa = XCBuildConfiguration;
			buildSettings = {
				COMBINE_HIDPI_IMAGES = YES;
				GCC_PRECOMPILE_PREFIX_HEADER = YES;
				GCC_PREFIX_HEADER = "Closer/Closer-Prefix.pch";
				GCC_PREPROCESSOR_DEFINITIONS = "RELEASE=1";
				HEADER_SEARCH_PATHS = (
					"\"$(TARGET_BUILD_DIR)/usr/local/lib/include\"",
					"\"$(OBJROOT)/UninstalledProducts/include\"",
				);
				INFOPLIST_FILE = "Closer/Closer-Info.plist";
				PRODUCT_NAME = "$(TARGET_NAME)";
				WRAPPER_EXTENSION = app;
			};
			name = Release;
		};
/* End XCBuildConfiguration section */

/* Begin XCConfigurationList section */
		FDED2AD81678C90E00BC416C /* Build configuration list for PBXProject "Closer" */ = {
			isa = XCConfigurationList;
			buildConfigurations = (
				FDED2AFA1678C90F00BC416C /* Debug */,
				FDED2AFB1678C90F00BC416C /* Release */,
			);
			defaultConfigurationIsVisible = 0;
			defaultConfigurationName = Release;
		};
		FDED2AFC1678C90F00BC416C /* Build configuration list for PBXNativeTarget "Closer" */ = {
			isa = XCConfigurationList;
			buildConfigurations = (
				FDED2AFD1678C90F00BC416C /* Debug */,
				FDED2AFE1678C90F00BC416C /* Release */,
			);
			defaultConfigurationIsVisible = 0;
			defaultConfigurationName = Release;
		};
/* End XCConfigurationList section */

/* Begin XCVersionGroup section */
		FD95076316AAD7D400092963 /* Model.xcdatamodeld */ = {
			isa = XCVersionGroup;
			children = (
				FD861EEB16B369560037E760 /* Model 2.xcdatamodel */,
				FD95076416AAD7D400092963 /* Model.xcdatamodel */,
			);
			currentVersion = FD861EEB16B369560037E760 /* Model 2.xcdatamodel */;
			path = Model.xcdatamodeld;
			sourceTree = "<group>";
			versionGroupType = wrapper.xcdatamodel;
		};
/* End XCVersionGroup section */
	};
	rootObject = FDED2AD51678C90E00BC416C /* Project object */;
}
